# app/config/config.yml
sonata_block:
    default_contexts: [cms]
    blocks:
        networking_init_cms.block.service.translatable_text:
        networking_init_cms.block.service.online_users:
        networking_init_cms.block.service.pages:
        networking_init_cms.block.service.cache:
        networking_init_cms.block.service.sitemap:
        networking_init_cms.block.service.version:

#        sonata.admin.block.admin_list:
#            contexts:   [admin]
        #sonata.admin_doctrine_orm.block.audit:
        #    contexts:   [admin]

#        sonata.block.service.text:
#        sonata.block.service.rss:

        # Some specific block from the SonataMediaBundle
        #sonata.media.block.media:
        #sonata.media.block.gallery:
        #sonata.media.block.feature_media:
