Networking\InitCmsBundle\Model\LayoutBlock:
    properties:
        name:
            type: string
        zone:
            type: string
        page:
            exclude: true
        classType:
            type: string
        objectId:
            type: integer
        isActive:
            type: boolean
        sortOrder:
            type: integer
        content:
            exclude: true
        origClassType:
            exclude: true
        isSnapshot:
            type: boolean
        snapshotContent:
            type: string
        createdAt:
            type: DateTime
        updatedAt:
            type: DateTime

